
Microsoft Visual Studio Solution File, Format Version 12.00
# Visual Studio 15
VisualStudioVersion = 15.0.26730.16
MinimumVisualStudioVersion = 10.0.40219.1
Project("{9A19103F-16F7-4668-BE54-9A1E7A4F7556}") = "TaxesTests", "Tests\TaxesTests.csproj", "{3C42D9CD-B08F-470B-8401-08A1815233F2}"
EndProject
Project("{9A19103F-16F7-4668-BE54-9A1E7A4F7556}") = "Taxes", "Taxes\Taxes.csproj", "{CD747C13-44E1-4AD4-B656-4C88D7FD505C}"
EndProject
Project("{FAE04EC0-301F-11D3-BF4B-00C04F79EFBC}") = "TaxCalculationConsole", "TaxCalculationConsole\TaxCalculationConsole.csproj", "{809BB199-7AB6-4C1C-891F-1C2AD38A6B15}"
EndProject
Global
	GlobalSection(SolutionConfigurationPlatforms) = preSolution
		Debug|Any CPU = Debug|Any CPU
		Release|Any CPU = Release|Any CPU
	EndGlobalSection
	GlobalSection(ProjectConfigurationPlatforms) = postSolution
		{3C42D9CD-B08F-470B-8401-08A1815233F2}.Debug|Any CPU.ActiveCfg = Debug|Any CPU
		{3C42D9CD-B08F-470B-8401-08A1815233F2}.Debug|Any CPU.Build.0 = Debug|Any CPU
		{3C42D9CD-B08F-470B-8401-08A1815233F2}.Release|Any CPU.ActiveCfg = Release|Any CPU
		{3C42D9CD-B08F-470B-8401-08A1815233F2}.Release|Any CPU.Build.0 = Release|Any CPU
		{CD747C13-44E1-4AD4-B656-4C88D7FD505C}.Debug|Any CPU.ActiveCfg = Debug|Any CPU
		{CD747C13-44E1-4AD4-B656-4C88D7FD505C}.Debug|Any CPU.Build.0 = Debug|Any CPU
		{CD747C13-44E1-4AD4-B656-4C88D7FD505C}.Release|Any CPU.ActiveCfg = Release|Any CPU
		{CD747C13-44E1-4AD4-B656-4C88D7FD505C}.Release|Any CPU.Build.0 = Release|Any CPU
		{809BB199-7AB6-4C1C-891F-1C2AD38A6B15}.Debug|Any CPU.ActiveCfg = Debug|Any CPU
		{809BB199-7AB6-4C1C-891F-1C2AD38A6B15}.Debug|Any CPU.Build.0 = Debug|Any CPU
		{809BB199-7AB6-4C1C-891F-1C2AD38A6B15}.Release|Any CPU.ActiveCfg = Release|Any CPU
		{809BB199-7AB6-4C1C-891F-1C2AD38A6B15}.Release|Any CPU.Build.0 = Release|Any CPU
	EndGlobalSection
	GlobalSection(SolutionProperties) = preSolution
		HideSolutionNode = FALSE
	EndGlobalSection
	GlobalSection(ExtensibilityGlobals) = postSolution
		SolutionGuid = {C24C0A3A-157F-4D73-B7A4-A7A0542432BA}
	EndGlobalSection
EndGlobal
